
Microsoft Visual Studio Solution File, Format Version 12.00
# Visual Studio Version 16
VisualStudioVersion = 16.0.33328.57
MinimumVisualStudioVersion = 10.0.40219.1
Project("{FAE04EC0-301F-11D3-BF4B-00C04F79EFBC}") = "ProjetoDKP", "ProjetoDKP\ProjetoDKP.csproj", "{275A5058-70F6-4403-9984-C76BC980752E}"
EndProject
Global
	GlobalSection(SolutionConfigurationPlatforms) = preSolution
		Debug|Any CPU = Debug|Any CPU
		Release|Any CPU = Release|Any CPU
	EndGlobalSection
	GlobalSection(ProjectConfigurationPlatforms) = postSolution
		{275A5058-70F6-4403-9984-C76BC980752E}.Debug|Any CPU.ActiveCfg = Debug|Any CPU
		{275A5058-70F6-4403-9984-C76BC980752E}.Debug|Any CPU.Build.0 = Debug|Any CPU
		{275A5058-70F6-4403-9984-C76BC980752E}.Release|Any CPU.ActiveCfg = Release|Any CPU
		{275A5058-70F6-4403-9984-C76BC980752E}.Release|Any CPU.Build.0 = Release|Any CPU
	EndGlobalSection
	GlobalSection(SolutionProperties) = preSolution
		HideSolutionNode = FALSE
	EndGlobalSection
	GlobalSection(ExtensibilityGlobals) = postSolution
		SolutionGuid = {1599B59D-24B2-4F46-9F0D-C285B89002B8}
	EndGlobalSection
EndGlobal
